
Microsoft Visual Studio Solution File, Format Version 12.00
# Visual Studio Version 16
VisualStudioVersion = 16.0.30607.51
MinimumVisualStudioVersion = 10.0.40219.1
Project("{FAE04EC0-301F-11D3-BF4B-00C04F79EFBC}") = "ListViewM01.Android", "ListViewM01\ListViewM01.Android\ListViewM01.Android.csproj", "{C43A7C23-58F7-4382-9D82-083E4E28E384}"
EndProject
Project("{FAE04EC0-301F-11D3-BF4B-00C04F79EFBC}") = "ListViewM01", "ListViewM01\ListViewM01\ListViewM01.csproj", "{2D3829EE-5030-4213-9978-25D70EF80AA5}"
EndProject
Global
	GlobalSection(SolutionConfigurationPlatforms) = preSolution
		Debug|Any CPU = Debug|Any CPU
		Release|Any CPU = Release|Any CPU
	EndGlobalSection
	GlobalSection(ProjectConfigurationPlatforms) = postSolution
		{C43A7C23-58F7-4382-9D82-083E4E28E384}.Debug|Any CPU.ActiveCfg = Debug|Any CPU
		{C43A7C23-58F7-4382-9D82-083E4E28E384}.Debug|Any CPU.Build.0 = Debug|Any CPU
		{C43A7C23-58F7-4382-9D82-083E4E28E384}.Debug|Any CPU.Deploy.0 = Debug|Any CPU
		{C43A7C23-58F7-4382-9D82-083E4E28E384}.Release|Any CPU.ActiveCfg = Release|Any CPU
		{C43A7C23-58F7-4382-9D82-083E4E28E384}.Release|Any CPU.Build.0 = Release|Any CPU
		{C43A7C23-58F7-4382-9D82-083E4E28E384}.Release|Any CPU.Deploy.0 = Release|Any CPU
		{2D3829EE-5030-4213-9978-25D70EF80AA5}.Debug|Any CPU.ActiveCfg = Debug|Any CPU
		{2D3829EE-5030-4213-9978-25D70EF80AA5}.Debug|Any CPU.Build.0 = Debug|Any CPU
		{2D3829EE-5030-4213-9978-25D70EF80AA5}.Debug|Any CPU.Deploy.0 = Debug|Any CPU
		{2D3829EE-5030-4213-9978-25D70EF80AA5}.Release|Any CPU.ActiveCfg = Release|Any CPU
		{2D3829EE-5030-4213-9978-25D70EF80AA5}.Release|Any CPU.Build.0 = Release|Any CPU
		{2D3829EE-5030-4213-9978-25D70EF80AA5}.Release|Any CPU.Deploy.0 = Release|Any CPU
	EndGlobalSection
	GlobalSection(SolutionProperties) = preSolution
		HideSolutionNode = FALSE
	EndGlobalSection
	GlobalSection(ExtensibilityGlobals) = postSolution
		SolutionGuid = {6C5DBF0E-8693-4F69-972B-1C09D313546E}
	EndGlobalSection
EndGlobal
